
Microsoft Visual Studio Solution File, Format Version 12.00
# Visual Studio Version 17
VisualStudioVersion = 17.14.36301.6 d17.14
MinimumVisualStudioVersion = 10.0.40219.1
Project("{FAE04EC0-301F-11D3-BF4B-00C04F79EFBC}") = "DC-Plus", "DC-Plus\DC-Plus.csproj", "{4AC0C8FC-F449-4891-A36B-05F49A6519E4}"
EndProject
Global
	GlobalSection(SolutionConfigurationPlatforms) = preSolution
		Debug|Any CPU = Debug|Any CPU
		Release|Any CPU = Release|Any CPU
	EndGlobalSection
	GlobalSection(ProjectConfigurationPlatforms) = postSolution
		{4AC0C8FC-F449-4891-A36B-05F49A6519E4}.Debug|Any CPU.ActiveCfg = Debug|Any CPU
		{4AC0C8FC-F449-4891-A36B-05F49A6519E4}.Debug|Any CPU.Build.0 = Debug|Any CPU
		{4AC0C8FC-F449-4891-A36B-05F49A6519E4}.Release|Any CPU.ActiveCfg = Release|Any CPU
		{4AC0C8FC-F449-4891-A36B-05F49A6519E4}.Release|Any CPU.Build.0 = Release|Any CPU
	EndGlobalSection
	GlobalSection(SolutionProperties) = preSolution
		HideSolutionNode = FALSE
	EndGlobalSection
	GlobalSection(ExtensibilityGlobals) = postSolution
		SolutionGuid = {2018C329-6485-4C28-96EB-E49CB44BCDCB}
	EndGlobalSection
EndGlobal
