
Microsoft Visual Studio Solution File, Format Version 12.00
# Visual Studio Version 17
VisualStudioVersion = 17.14.36301.6 d17.14
MinimumVisualStudioVersion = 10.0.40219.1
Project("{FAE04EC0-301F-11D3-BF4B-00C04F79EFBC}") = "CalculatorApp", "Calculator\CalculatorApp.csproj", "{4310427A-2E08-46A0-99A5-B555E8C8C9B4}"
EndProject
Project("{FAE04EC0-301F-11D3-BF4B-00C04F79EFBC}") = "Calculator.Tests", "Calculator.Tests\Calculator.Tests.csproj", "{0CDFC4A2-C8EB-4336-8CCD-781DAEEB411C}"
EndProject
Global
	GlobalSection(SolutionConfigurationPlatforms) = preSolution
		Debug|Any CPU = Debug|Any CPU
		Release|Any CPU = Release|Any CPU
	EndGlobalSection
	GlobalSection(ProjectConfigurationPlatforms) = postSolution
		{4310427A-2E08-46A0-99A5-B555E8C8C9B4}.Debug|Any CPU.ActiveCfg = Debug|Any CPU
		{4310427A-2E08-46A0-99A5-B555E8C8C9B4}.Debug|Any CPU.Build.0 = Debug|Any CPU
		{4310427A-2E08-46A0-99A5-B555E8C8C9B4}.Release|Any CPU.ActiveCfg = Release|Any CPU
		{4310427A-2E08-46A0-99A5-B555E8C8C9B4}.Release|Any CPU.Build.0 = Release|Any CPU
		{0CDFC4A2-C8EB-4336-8CCD-781DAEEB411C}.Debug|Any CPU.ActiveCfg = Debug|Any CPU
		{0CDFC4A2-C8EB-4336-8CCD-781DAEEB411C}.Debug|Any CPU.Build.0 = Debug|Any CPU
		{0CDFC4A2-C8EB-4336-8CCD-781DAEEB411C}.Release|Any CPU.ActiveCfg = Release|Any CPU
		{0CDFC4A2-C8EB-4336-8CCD-781DAEEB411C}.Release|Any CPU.Build.0 = Release|Any CPU
	EndGlobalSection
	GlobalSection(SolutionProperties) = preSolution
		HideSolutionNode = FALSE
	EndGlobalSection
	GlobalSection(ExtensibilityGlobals) = postSolution
		SolutionGuid = {0889EE61-2C42-43AE-985F-90D329C4AD20}
	EndGlobalSection
EndGlobal
